// !$*UTF8*$!
{
	archiveVersion = 1;
	classes = {
	};
	objectVersion = 51;
	objects = {

/* Begin PBXBuildFile section */
		E93B514726127285003BB81E /* GoogleService-Info.plist in Resources */ = {isa = PBXBuildFile; fileRef = E93B514626127285003BB81E /* GoogleService-Info.plist */; };
		E93B9FD626361CE1001B57A8 /* Player.swift in Sources */ = {isa = PBXBuildFile; fileRef = E93B9FD526361CE1001B57A8 /* Player.swift */; };
		E969201125E6F24900D3F565 /* SnakeGApp.swift in Sources */ = {isa = PBXBuildFile; fileRef = E969201025E6F24900D3F565 /* SnakeGApp.swift */; };
		E969201325E6F24900D3F565 /* SnakeGameView.swift in Sources */ = {isa = PBXBuildFile; fileRef = E969201225E6F24900D3F565 /* SnakeGameView.swift */; };
		E969201525E6F24B00D3F565 /* Assets.xcassets in Resources */ = {isa = PBXBuildFile; fileRef = E969201425E6F24B00D3F565 /* Assets.xcassets */; };
		E969201825E6F24B00D3F565 /* Preview Assets.xcassets in Resources */ = {isa = PBXBuildFile; fileRef = E969201725E6F24B00D3F565 /* Preview Assets.xcassets */; };
		E97150B125EDAEB90035C8E6 /* GameKit.framework in Frameworks */ = {isa = PBXBuildFile; fileRef = E97150B025EDAEB90035C8E6 /* GameKit.framework */; };
		E979A9D027544DEC00F2300C /* Auth.swift in Sources */ = {isa = PBXBuildFile; fileRef = E979A9CF27544DEC00F2300C /* Auth.swift */; };
		E979A9D327544F9500F2300C /* SnakeLocation.swift in Sources */ = {isa = PBXBuildFile; fileRef = E979A9D227544F9500F2300C /* SnakeLocation.swift */; };
		E97B97B5270FC9F200A436F7 /* Extension.swift in Sources */ = {isa = PBXBuildFile; fileRef = E97B97B4270FC9F200A436F7 /* Extension.swift */; };
		E97B97B8270FDBFA00A436F7 /* GameView.swift in Sources */ = {isa = PBXBuildFile; fileRef = E97B97B7270FDBFA00A436F7 /* GameView.swift */; };
		E97B97BA270FDDA900A436F7 /* SignUpView.swift in Sources */ = {isa = PBXBuildFile; fileRef = E97B97B9270FDDA800A436F7 /* SignUpView.swift */; };
		EF337BF8AC6A0578037647DD /* Pods_SnakeG.framework in Frameworks */ = {isa = PBXBuildFile; fileRef = C0627B4E3131E13E68B07C20 /* Pods_SnakeG.framework */; };
/* End PBXBuildFile section */

/* Begin PBXFileReference section */
		5F4EAAFD165609A93E3A8EF4 /* Pods-SnakeG.release.xcconfig */ = {isa = PBXFileReference; includeInIndex = 1; lastKnownFileType = text.xcconfig; name = "Pods-SnakeG.release.xcconfig"; path = "Target Support Files/Pods-SnakeG/Pods-SnakeG.release.xcconfig"; sourceTree = "<group>"; };
		7A1E4556E374A472D1C3E773 /* Pods-SnakeG.debug.xcconfig */ = {isa = PBXFileReference; includeInIndex = 1; lastKnownFileType = text.xcconfig; name = "Pods-SnakeG.debug.xcconfig"; path = "Target Support Files/Pods-SnakeG/Pods-SnakeG.debug.xcconfig"; sourceTree = "<group>"; };
		C0627B4E3131E13E68B07C20 /* Pods_SnakeG.framework */ = {isa = PBXFileReference; explicitFileType = wrapper.framework; includeInIndex = 0; path = Pods_SnakeG.framework; sourceTree = BUILT_PRODUCTS_DIR; };
		E93B514626127285003BB81E /* GoogleService-Info.plist */ = {isa = PBXFileReference; fileEncoding = 4; lastKnownFileType = text.plist.xml; path = "GoogleService-Info.plist"; sourceTree = "<group>"; };
		E93B9FD526361CE1001B57A8 /* Player.swift */ = {isa = PBXFileReference; lastKnownFileType = sourcecode.swift; path = Player.swift; sourceTree = "<group>"; };
		E969200D25E6F24900D3F565 /* SnakeG.app */ = {isa = PBXFileReference; explicitFileType = wrapper.application; includeInIndex = 0; path = SnakeG.app; sourceTree = BUILT_PRODUCTS_DIR; };
		E969201025E6F24900D3F565 /* SnakeGApp.swift */ = {isa = PBXFileReference; lastKnownFileType = sourcecode.swift; path = SnakeGApp.swift; sourceTree = "<group>"; };
		E969201225E6F24900D3F565 /* SnakeGameView.swift */ = {isa = PBXFileReference; lastKnownFileType = sourcecode.swift; path = SnakeGameView.swift; sourceTree = "<group>"; };
		E969201425E6F24B00D3F565 /* Assets.xcassets */ = {isa = PBXFileReference; lastKnownFileType = folder.assetcatalog; path = Assets.xcassets; sourceTree = "<group>"; };
		E969201725E6F24B00D3F565 /* Preview Assets.xcassets */ = {isa = PBXFileReference; lastKnownFileType = folder.assetcatalog; path = "Preview Assets.xcassets"; sourceTree = "<group>"; };
		E969201925E6F24B00D3F565 /* Info.plist */ = {isa = PBXFileReference; lastKnownFileType = text.plist.xml; path = Info.plist; sourceTree = "<group>"; };
		E97150B025EDAEB90035C8E6 /* GameKit.framework */ = {isa = PBXFileReference; lastKnownFileType = wrapper.framework; name = GameKit.framework; path = System/Library/Frameworks/GameKit.framework; sourceTree = SDKROOT; };
		E97150B225EDAEC50035C8E6 /* SnakeG.entitlements */ = {isa = PBXFileReference; lastKnownFileType = text.plist.entitlements; path = SnakeG.entitlements; sourceTree = "<group>"; };
		E979A9CF27544DEC00F2300C /* Auth.swift */ = {isa = PBXFileReference; lastKnownFileType = sourcecode.swift; path = Auth.swift; sourceTree = "<group>"; };
		E979A9D227544F9500F2300C /* SnakeLocation.swift */ = {isa = PBXFileReference; lastKnownFileType = sourcecode.swift; path = SnakeLocation.swift; sourceTree = "<group>"; };
		E97B97B4270FC9F200A436F7 /* Extension.swift */ = {isa = PBXFileReference; lastKnownFileType = sourcecode.swift; path = Extension.swift; sourceTree = "<group>"; };
		E97B97B7270FDBFA00A436F7 /* GameView.swift */ = {isa = PBXFileReference; lastKnownFileType = sourcecode.swift; path = GameView.swift; sourceTree = "<group>"; };
		E97B97B9270FDDA800A436F7 /* SignUpView.swift */ = {isa = PBXFileReference; lastKnownFileType = sourcecode.swift; path = SignUpView.swift; sourceTree = "<group>"; };
/* End PBXFileReference section */

/* Begin PBXFrameworksBuildPhase section */
		E969200A25E6F24900D3F565 /* Frameworks */ = {
			isa = PBXFrameworksBuildPhase;
			buildActionMask = 2147483647;
			files = (
				E97150B125EDAEB90035C8E6 /* GameKit.framework in Frameworks */,
				EF337BF8AC6A0578037647DD /* Pods_SnakeG.framework in Frameworks */,
			);
			runOnlyForDeploymentPostprocessing = 0;
		};
/* End PBXFrameworksBuildPhase section */

/* Begin PBXGroup section */
		0518B0A174AE7D0795F48FC0 /* Pods */ = {
			isa = PBXGroup;
			children = (
				7A1E4556E374A472D1C3E773 /* Pods-SnakeG.debug.xcconfig */,
				5F4EAAFD165609A93E3A8EF4 /* Pods-SnakeG.release.xcconfig */,
			);
			path = Pods;
			sourceTree = "<group>";
		};
		E969200425E6F24900D3F565 = {
			isa = PBXGroup;
			children = (
				E969200F25E6F24900D3F565 /* SnakeG */,
				E969200E25E6F24900D3F565 /* Products */,
				E97150AF25EDAEB90035C8E6 /* Frameworks */,
				0518B0A174AE7D0795F48FC0 /* Pods */,
			);
			sourceTree = "<group>";
		};
		E969200E25E6F24900D3F565 /* Products */ = {
			isa = PBXGroup;
			children = (
				E969200D25E6F24900D3F565 /* SnakeG.app */,
			);
			name = Products;
			sourceTree = "<group>";
		};
		E969200F25E6F24900D3F565 /* SnakeG */ = {
			isa = PBXGroup;
			children = (
				E97150B225EDAEC50035C8E6 /* SnakeG.entitlements */,
				E969201025E6F24900D3F565 /* SnakeGApp.swift */,
				E97B97B1270FC4E200A436F7 /* View */,
				E979A9D127544DFC00F2300C /* Model */,
				E969201425E6F24B00D3F565 /* Assets.xcassets */,
				E969201925E6F24B00D3F565 /* Info.plist */,
				E93B514626127285003BB81E /* GoogleService-Info.plist */,
				E969201625E6F24B00D3F565 /* Preview Content */,
				E93B9FD526361CE1001B57A8 /* Player.swift */,
				E97B97B6270FC9F700A436F7 /* Extensions */,
			);
			path = SnakeG;
			sourceTree = "<group>";
		};
		E969201625E6F24B00D3F565 /* Preview Content */ = {
			isa = PBXGroup;
			children = (
				E969201725E6F24B00D3F565 /* Preview Assets.xcassets */,
			);
			path = "Preview Content";
			sourceTree = "<group>";
		};
		E97150AF25EDAEB90035C8E6 /* Frameworks */ = {
			isa = PBXGroup;
			children = (
				E97150B025EDAEB90035C8E6 /* GameKit.framework */,
				C0627B4E3131E13E68B07C20 /* Pods_SnakeG.framework */,
			);
			name = Frameworks;
			sourceTree = "<group>";
		};
		E979A9D127544DFC00F2300C /* Model */ = {
			isa = PBXGroup;
			children = (
				E979A9CF27544DEC00F2300C /* Auth.swift */,
				E979A9D227544F9500F2300C /* SnakeLocation.swift */,
			);
			path = Model;
			sourceTree = "<group>";
		};
		E97B97B1270FC4E200A436F7 /* View */ = {
			isa = PBXGroup;
			children = (
				E969201225E6F24900D3F565 /* SnakeGameView.swift */,
				E97B97B7270FDBFA00A436F7 /* GameView.swift */,
				E97B97B9270FDDA800A436F7 /* SignUpView.swift */,
			);
			path = View;
			sourceTree = "<group>";
		};
		E97B97B6270FC9F700A436F7 /* Extensions */ = {
			isa = PBXGroup;
			children = (
				E97B97B4270FC9F200A436F7 /* Extension.swift */,
			);
			path = Extensions;
			sourceTree = "<group>";
		};
/* End PBXGroup section */

/* Begin PBXNativeTarget section */
		E969200C25E6F24900D3F565 /* SnakeG */ = {
			isa = PBXNativeTarget;
			buildConfigurationList = E969201C25E6F24B00D3F565 /* Build configuration list for PBXNativeTarget "SnakeG" */;
			buildPhases = (
				18E445ED749540CE2446B15C /* [CP] Check Pods Manifest.lock */,
				E969200925E6F24900D3F565 /* Sources */,
				E969200A25E6F24900D3F565 /* Frameworks */,
				E969200B25E6F24900D3F565 /* Resources */,
				75A3C44BA0CFBFFEC9D374C8 /* [CP] Embed Pods Frameworks */,
			);
			buildRules = (
			);
			dependencies = (
			);
			name = SnakeG;
			productName = SnakeG;
			productReference = E969200D25E6F24900D3F565 /* SnakeG.app */;
			productType = "com.apple.product-type.application";
		};
/* End PBXNativeTarget section */

/* Begin PBXProject section */
		E969200525E6F24900D3F565 /* Project object */ = {
			isa = PBXProject;
			attributes = {
				LastSwiftUpdateCheck = 1220;
				LastUpgradeCheck = 1220;
				TargetAttributes = {
					E969200C25E6F24900D3F565 = {
						CreatedOnToolsVersion = 12.2;
					};
				};
			};
			buildConfigurationList = E969200825E6F24900D3F565 /* Build configuration list for PBXProject "SnakeG" */;
			compatibilityVersion = "Xcode 9.3";
			developmentRegion = en;
			hasScannedForEncodings = 0;
			knownRegions = (
				en,
				Base,
			);
			mainGroup = E969200425E6F24900D3F565;
			productRefGroup = E969200E25E6F24900D3F565 /* Products */;
			projectDirPath = "";
			projectRoot = "";
			targets = (
				E969200C25E6F24900D3F565 /* SnakeG */,
			);
		};
/* End PBXProject section */

/* Begin PBXResourcesBuildPhase section */
		E969200B25E6F24900D3F565 /* Resources */ = {
			isa = PBXResourcesBuildPhase;
			buildActionMask = 2147483647;
			files = (
				E969201825E6F24B00D3F565 /* Preview Assets.xcassets in Resources */,
				E969201525E6F24B00D3F565 /* Assets.xcassets in Resources */,
				E93B514726127285003BB81E /* GoogleService-Info.plist in Resources */,
			);
			runOnlyForDeploymentPostprocessing = 0;
		};
/* End PBXResourcesBuildPhase section */

/* Begin PBXShellScriptBuildPhase section */
		18E445ED749540CE2446B15C /* [CP] Check Pods Manifest.lock */ = {
			isa = PBXShellScriptBuildPhase;
			buildActionMask = 2147483647;
			files = (
			);
			inputFileListPaths = (
			);
			inputPaths = (
				"${PODS_PODFILE_DIR_PATH}/Podfile.lock",
				"${PODS_ROOT}/Manifest.lock",
			);
			name = "[CP] Check Pods Manifest.lock";
			outputFileListPaths = (
			);
			outputPaths = (
				"$(DERIVED_FILE_DIR)/Pods-SnakeG-checkManifestLockResult.txt",
			);
			runOnlyForDeploymentPostprocessing = 0;
			shellPath = /bin/sh;
			shellScript = "diff \"${PODS_PODFILE_DIR_PATH}/Podfile.lock\" \"${PODS_ROOT}/Manifest.lock\" > /dev/null\nif [ $? != 0 ] ; then\n    # print error to STDERR\n    echo \"error: The sandbox is not in sync with the Podfile.lock. Run 'pod install' or update your CocoaPods installation.\" >&2\n    exit 1\nfi\n# This output is used by Xcode 'outputs' to avoid re-running this script phase.\necho \"SUCCESS\" > \"${SCRIPT_OUTPUT_FILE_0}\"\n";
			showEnvVarsInLog = 0;
		};
		75A3C44BA0CFBFFEC9D374C8 /* [CP] Embed Pods Frameworks */ = {
			isa = PBXShellScriptBuildPhase;
			buildActionMask = 2147483647;
			files = (
			);
			inputFileListPaths = (
				"${PODS_ROOT}/Target Support Files/Pods-SnakeG/Pods-SnakeG-frameworks-${CONFIGURATION}-input-files.xcfilelist",
			);
			name = "[CP] Embed Pods Frameworks";
			outputFileListPaths = (
				"${PODS_ROOT}/Target Support Files/Pods-SnakeG/Pods-SnakeG-frameworks-${CONFIGURATION}-output-files.xcfilelist",
			);
			runOnlyForDeploymentPostprocessing = 0;
			shellPath = /bin/sh;
			shellScript = "\"${PODS_ROOT}/Target Support Files/Pods-SnakeG/Pods-SnakeG-frameworks.sh\"\n";
			showEnvVarsInLog = 0;
		};
/* End PBXShellScriptBuildPhase section */

/* Begin PBXSourcesBuildPhase section */
		E969200925E6F24900D3F565 /* Sources */ = {
			isa = PBXSourcesBuildPhase;
			buildActionMask = 2147483647;
			files = (
				E969201325E6F24900D3F565 /* SnakeGameView.swift in Sources */,
				E979A9D327544F9500F2300C /* SnakeLocation.swift in Sources */,
				E969201125E6F24900D3F565 /* SnakeGApp.swift in Sources */,
				E97B97BA270FDDA900A436F7 /* SignUpView.swift in Sources */,
				E97B97B5270FC9F200A436F7 /* Extension.swift in Sources */,
				E93B9FD626361CE1001B57A8 /* Player.swift in Sources */,
				E97B97B8270FDBFA00A436F7 /* GameView.swift in Sources */,
				E979A9D027544DEC00F2300C /* Auth.swift in Sources */,
			);
			runOnlyForDeploymentPostprocessing = 0;
		};
/* End PBXSourcesBuildPhase section */

/* Begin XCBuildConfiguration section */
		E969201A25E6F24B00D3F565 /* Debug */ = {
			isa = XCBuildConfiguration;
			buildSettings = {
				ALWAYS_SEARCH_USER_PATHS = NO;
				CLANG_ANALYZER_NONNULL = YES;
				CLANG_ANALYZER_NUMBER_OBJECT_CONVERSION = YES_AGGRESSIVE;
				CLANG_CXX_LANGUAGE_STANDARD = "gnu++14";
				CLANG_CXX_LIBRARY = "libc++";
				CLANG_ENABLE_MODULES = YES;
				CLANG_ENABLE_OBJC_ARC = YES;
				CLANG_ENABLE_OBJC_WEAK = YES;
				CLANG_WARN_BLOCK_CAPTURE_AUTORELEASING = YES;
				CLANG_WARN_BOOL_CONVERSION = YES;
				CLANG_WARN_COMMA = YES;
				CLANG_WARN_CONSTANT_CONVERSION = YES;
				CLANG_WARN_DEPRECATED_OBJC_IMPLEMENTATIONS = YES;
				CLANG_WARN_DIRECT_OBJC_ISA_USAGE = YES_ERROR;
				CLANG_WARN_DOCUMENTATION_COMMENTS = YES;
				CLANG_WARN_EMPTY_BODY = YES;
				CLANG_WARN_ENUM_CONVERSION = YES;
				CLANG_WARN_INFINITE_RECURSION = YES;
				CLANG_WARN_INT_CONVERSION = YES;
				CLANG_WARN_NON_LITERAL_NULL_CONVERSION = YES;
				CLANG_WARN_OBJC_IMPLICIT_RETAIN_SELF = YES;
				CLANG_WARN_OBJC_LITERAL_CONVERSION = YES;
				CLANG_WARN_OBJC_ROOT_CLASS = YES_ERROR;
				CLANG_WARN_QUOTED_INCLUDE_IN_FRAMEWORK_HEADER = YES;
				CLANG_WARN_RANGE_LOOP_ANALYSIS = YES;
				CLANG_WARN_STRICT_PROTOTYPES = YES;
				CLANG_WARN_SUSPICIOUS_MOVE = YES;
				CLANG_WARN_UNGUARDED_AVAILABILITY = YES_AGGRESSIVE;
				CLANG_WARN_UNREACHABLE_CODE = YES;
				CLANG_WARN__DUPLICATE_METHOD_MATCH = YES;
				COPY_PHASE_STRIP = NO;
				DEBUG_INFORMATION_FORMAT = dwarf;
				ENABLE_STRICT_OBJC_MSGSEND = YES;
				ENABLE_TESTABILITY = YES;
				GCC_C_LANGUAGE_STANDARD = gnu11;
				GCC_DYNAMIC_NO_PIC = NO;
				GCC_NO_COMMON_BLOCKS = YES;
				GCC_OPTIMIZATION_LEVEL = 0;
				GCC_PREPROCESSOR_DEFINITIONS = (
					"DEBUG=1",
					"$(inherited)",
				);
				GCC_WARN_64_TO_32_BIT_CONVERSION = YES;
				GCC_WARN_ABOUT_RETURN_TYPE = YES_ERROR;
				GCC_WARN_UNDECLARED_SELECTOR = YES;
				GCC_WARN_UNINITIALIZED_AUTOS = YES_AGGRESSIVE;
				GCC_WARN_UNUSED_FUNCTION = YES;
				GCC_WARN_UNUSED_VARIABLE = YES;
				IPHONEOS_DEPLOYMENT_TARGET = 14.2;
				MTL_ENABLE_DEBUG_INFO = INCLUDE_SOURCE;
				MTL_FAST_MATH = YES;
				ONLY_ACTIVE_ARCH = YES;
				SDKROOT = iphoneos;
				SWIFT_ACTIVE_COMPILATION_CONDITIONS = DEBUG;
				SWIFT_OPTIMIZATION_LEVEL = "-Onone";
			};
			name = Debug;
		};
		E969201B25E6F24B00D3F565 /* Release */ = {
			isa = XCBuildConfiguration;
			buildSettings = {
				ALWAYS_SEARCH_USER_PATHS = NO;
				CLANG_ANALYZER_NONNULL = YES;
				CLANG_ANALYZER_NUMBER_OBJECT_CONVERSION = YES_AGGRESSIVE;
				CLANG_CXX_LANGUAGE_STANDARD = "gnu++14";
				CLANG_CXX_LIBRARY = "libc++";
				CLANG_ENABLE_MODULES = YES;
				CLANG_ENABLE_OBJC_ARC = YES;
				CLANG_ENABLE_OBJC_WEAK = YES;
				CLANG_WARN_BLOCK_CAPTURE_AUTORELEASING = YES;
				CLANG_WARN_BOOL_CONVERSION = YES;
				CLANG_WARN_COMMA = YES;
				CLANG_WARN_CONSTANT_CONVERSION = YES;
				CLANG_WARN_DEPRECATED_OBJC_IMPLEMENTATIONS = YES;
				CLANG_WARN_DIRECT_OBJC_ISA_USAGE = YES_ERROR;
				CLANG_WARN_DOCUMENTATION_COMMENTS = YES;
				CLANG_WARN_EMPTY_BODY = YES;
				CLANG_WARN_ENUM_CONVERSION = YES;
				CLANG_WARN_INFINITE_RECURSION = YES;
				CLANG_WARN_INT_CONVERSION = YES;
				CLANG_WARN_NON_LITERAL_NULL_CONVERSION = YES;
				CLANG_WARN_OBJC_IMPLICIT_RETAIN_SELF = YES;
				CLANG_WARN_OBJC_LITERAL_CONVERSION = YES;
				CLANG_WARN_OBJC_ROOT_CLASS = YES_ERROR;
				CLANG_WARN_QUOTED_INCLUDE_IN_FRAMEWORK_HEADER = YES;
				CLANG_WARN_RANGE_LOOP_ANALYSIS = YES;
				CLANG_WARN_STRICT_PROTOTYPES = YES;
				CLANG_WARN_SUSPICIOUS_MOVE = YES;
				CLANG_WARN_UNGUARDED_AVAILABILITY = YES_AGGRESSIVE;
				CLANG_WARN_UNREACHABLE_CODE = YES;
				CLANG_WARN__DUPLICATE_METHOD_MATCH = YES;
				COPY_PHASE_STRIP = NO;
				DEBUG_INFORMATION_FORMAT = "dwarf-with-dsym";
				ENABLE_NS_ASSERTIONS = NO;
				ENABLE_STRICT_OBJC_MSGSEND = YES;
				GCC_C_LANGUAGE_STANDARD = gnu11;
				GCC_NO_COMMON_BLOCKS = YES;
				GCC_WARN_64_TO_32_BIT_CONVERSION = YES;
				GCC_WARN_ABOUT_RETURN_TYPE = YES_ERROR;
				GCC_WARN_UNDECLARED_SELECTOR = YES;
				GCC_WARN_UNINITIALIZED_AUTOS = YES_AGGRESSIVE;
				GCC_WARN_UNUSED_FUNCTION = YES;
				GCC_WARN_UNUSED_VARIABLE = YES;
				IPHONEOS_DEPLOYMENT_TARGET = 14.2;
				MTL_ENABLE_DEBUG_INFO = NO;
				MTL_FAST_MATH = YES;
				SDKROOT = iphoneos;
				SWIFT_COMPILATION_MODE = wholemodule;
				SWIFT_OPTIMIZATION_LEVEL = "-O";
				VALIDATE_PRODUCT = YES;
			};
			name = Release;
		};
		E969201D25E6F24B00D3F565 /* Debug */ = {
			isa = XCBuildConfiguration;
			baseConfigurationReference = 7A1E4556E374A472D1C3E773 /* Pods-SnakeG.debug.xcconfig */;
			buildSettings = {
				ASSETCATALOG_COMPILER_APPICON_NAME = AppIcon;
				ASSETCATALOG_COMPILER_GLOBAL_ACCENT_COLOR_NAME = AccentColor;
				CODE_SIGN_ENTITLEMENTS = SnakeG/SnakeG.entitlements;
				CODE_SIGN_STYLE = Automatic;
				DEVELOPMENT_ASSET_PATHS = "\"SnakeG/Preview Content\"";
				DEVELOPMENT_TEAM = P8SR89H2X5;
				ENABLE_PREVIEWS = YES;
				INFOPLIST_FILE = SnakeG/Info.plist;
				IPHONEOS_DEPLOYMENT_TARGET = 14.0;
				LD_RUNPATH_SEARCH_PATHS = (
					"$(inherited)",
					"@executable_path/Frameworks",
				);
				PRODUCT_BUNDLE_IDENTIFIER = Snake.Noujan.Boom;
				PRODUCT_NAME = "$(TARGET_NAME)";
				SWIFT_VERSION = 5.0;
				TARGETED_DEVICE_FAMILY = "1,2";
			};
			name = Debug;
		};
		E969201E25E6F24B00D3F565 /* Release */ = {
			isa = XCBuildConfiguration;
			baseConfigurationReference = 5F4EAAFD165609A93E3A8EF4 /* Pods-SnakeG.release.xcconfig */;
			buildSettings = {
				ASSETCATALOG_COMPILER_APPICON_NAME = AppIcon;
				ASSETCATALOG_COMPILER_GLOBAL_ACCENT_COLOR_NAME = AccentColor;
				CODE_SIGN_ENTITLEMENTS = SnakeG/SnakeG.entitlements;
				CODE_SIGN_STYLE = Automatic;
				DEVELOPMENT_ASSET_PATHS = "\"SnakeG/Preview Content\"";
				DEVELOPMENT_TEAM = P8SR89H2X5;
				ENABLE_PREVIEWS = YES;
				INFOPLIST_FILE = SnakeG/Info.plist;
				IPHONEOS_DEPLOYMENT_TARGET = 14.0;
				LD_RUNPATH_SEARCH_PATHS = (
					"$(inherited)",
					"@executable_path/Frameworks",
				);
				PRODUCT_BUNDLE_IDENTIFIER = Snake.Noujan.Boom;
				PRODUCT_NAME = "$(TARGET_NAME)";
				SWIFT_VERSION = 5.0;
				TARGETED_DEVICE_FAMILY = "1,2";
			};
			name = Release;
		};
/* End XCBuildConfiguration section */

/* Begin XCConfigurationList section */
		E969200825E6F24900D3F565 /* Build configuration list for PBXProject "SnakeG" */ = {
			isa = XCConfigurationList;
			buildConfigurations = (
				E969201A25E6F24B00D3F565 /* Debug */,
				E969201B25E6F24B00D3F565 /* Release */,
			);
			defaultConfigurationIsVisible = 0;
			defaultConfigurationName = Release;
		};
		E969201C25E6F24B00D3F565 /* Build configuration list for PBXNativeTarget "SnakeG" */ = {
			isa = XCConfigurationList;
			buildConfigurations = (
				E969201D25E6F24B00D3F565 /* Debug */,
				E969201E25E6F24B00D3F565 /* Release */,
			);
			defaultConfigurationIsVisible = 0;
			defaultConfigurationName = Release;
		};
/* End XCConfigurationList section */
	};
	rootObject = E969200525E6F24900D3F565 /* Project object */;
}
